<?xml version="1.0" encoding="utf-8"?>
<Project ToolsVersion="4.0" xmlns="http://schemas.microsoft.com/developer/msbuild/2003">
  <ItemGroup>
    <Filter Include="Source Files">
      <UniqueIdentifier>{4FC737F1-C7A5-4376-A066-2A32D752A2FF}</UniqueIdentifier>
      <Extensions>cpp;c;cc;cxx;def;odl;idl;hpj;bat;asm;asmx</Extensions>
    </Filter>
    <Filter Include="Header Files">
      <UniqueIdentifier>{93995380-89BD-4b04-88EB-625FBE52EBFB}</UniqueIdentifier>
      <Extensions>h;hh;hpp;hxx;hm;inl;inc;xsd</Extensions>
    </Filter>
    <Filter Include="Resource Files">
      <UniqueIdentifier>{67DA6AB6-F800-4c08-8B7A-83BB121AAD01}</UniqueIdentifier>
      <Extensions>rc;ico;cur;bmp;dlg;rc2;rct;bin;rgs;gif;jpg;jpeg;jpe;resx;tiff;tif;png;wav;mfcribbon-ms</Extensions>
    </Filter>
    <Filter Include="Header Files\Core">
      <UniqueIdentifier>{e10ed62a-de56-40df-8484-d18a340d491d}</UniqueIdentifier>
    </Filter>
    <Filter Include="Header Files\Defines">
      <UniqueIdentifier>{9b8e210d-78a9-48b9-863d-e2aa0b7a1611}</UniqueIdentifier>
    </Filter>
    <Filter Include="Header Files\Core\Main">
      <UniqueIdentifier>{ac7d6048-7496-416d-8dd4-4a3f8b3f7c5f}</UniqueIdentifier>
    </Filter>
    <Filter Include="Header Files\Core\Systems">
      <UniqueIdentifier>{1d7e4d01-d7aa-49e6-ae4d-5aec523ce0d0}</UniqueIdentifier>
    </Filter>
    <Filter Include="Header Files\SceneGraph">
      <UniqueIdentifier>{e3bd12f8-74ce-4ee9-96ba-fb309b1e8928}</UniqueIdentifier>
    </Filter>
    <Filter Include="Header Files\SceneGraph\Base">
      <UniqueIdentifier>{7eb4e6de-cfd7-4883-82ca-1ba0028a789d}</UniqueIdentifier>
    </Filter>
    <Filter Include="Header Files\Defines\Context">
      <UniqueIdentifier>{02245515-3462-45a6-8607-19d960a771fb}</UniqueIdentifier>
    </Filter>
    <Filter Include="Header Files\Core\Systems\Base">
      <UniqueIdentifier>{2e807c7d-e7d5-4a0a-9da0-fb6d6b2b8ca3}</UniqueIdentifier>
    </Filter>
  </ItemGroup>
  <ItemGroup>
    <ClInclude Include="WinMain.h">
      <Filter>Header Files\Core\Main</Filter>
    </ClInclude>
    <ClInclude Include="string.h">
      <Filter>Header Files\Defines</Filter>
    </ClInclude>
    <ClInclude Include="iostream.h">
      <Filter>Header Files\Defines</Filter>
    </ClInclude>
    <ClInclude Include="deletemacros.h">
      <Filter>Header Files\Defines</Filter>
    </ClInclude>
    <ClInclude Include="context.h">
      <Filter>Header Files\Defines\Context</Filter>
    </ClInclude>
    <ClInclude Include="System.h">
      <Filter>Header Files\Core\Systems\Base</Filter>
    </ClInclude>
    <ClInclude Include="Engine.h">
      <Filter>Header Files\Core</Filter>
    </ClInclude>
    <ClInclude Include="Game.h">
      <Filter>Header Files\Core\Systems</Filter>
    </ClInclude>
    <ClInclude Include="UObject.h">
      <Filter>Header Files\SceneGraph\Base</Filter>
    </ClInclude>
    <ClInclude Include="Window.h">
      <Filter>Header Files</Filter>
    </ClInclude>
  </ItemGroup>
  <ItemGroup>
    <ClCompile Include="WinMain.cpp">
      <Filter>Header Files\Core\Main</Filter>
    </ClCompile>
    <ClCompile Include="System.cpp">
      <Filter>Header Files\Core\Systems\Base</Filter>
    </ClCompile>
    <ClCompile Include="Engine.cpp">
      <Filter>Header Files\Core</Filter>
    </ClCompile>
    <ClCompile Include="Game.cpp">
      <Filter>Header Files\Core\Systems</Filter>
    </ClCompile>
    <ClCompile Include="UObject.cpp">
      <Filter>Header Files\SceneGraph\Base</Filter>
    </ClCompile>
    <ClCompile Include="Window.cpp">
      <Filter>Source Files</Filter>
    </ClCompile>
  </ItemGroup>
</Project>